// !$*UTF8*$!
{
	archiveVersion = 1;
	classes = {
	};
	objectVersion = 51;
	objects = {

/* Begin PBXBuildFile section */
		0CC82A1EC4B961DB87678B75 /* Pods_TakeAwayAdmin.framework in Frameworks */ = {isa = PBXBuildFile; fileRef = F739F6B64053E16AFF368608 /* Pods_TakeAwayAdmin.framework */; };
		77B828BAC354EC284597CF99 /* Pods_TakeAway.framework in Frameworks */ = {isa = PBXBuildFile; fileRef = F4CCA488A5F5D195B5919D89 /* Pods_TakeAway.framework */; };
		BB0B058424F04BFD006AB838 /* AppDelegate.swift in Sources */ = {isa = PBXBuildFile; fileRef = BB0B058324F04BFD006AB838 /* AppDelegate.swift */; };
		BB0B058624F04BFD006AB838 /* SceneDelegate.swift in Sources */ = {isa = PBXBuildFile; fileRef = BB0B058524F04BFD006AB838 /* SceneDelegate.swift */; };
		BB0B058824F04BFD006AB838 /* HomeVC.swift in Sources */ = {isa = PBXBuildFile; fileRef = BB0B058724F04BFD006AB838 /* HomeVC.swift */; };
		BB0B058B24F04BFD006AB838 /* Main.storyboard in Resources */ = {isa = PBXBuildFile; fileRef = BB0B058924F04BFD006AB838 /* Main.storyboard */; };
		BB0B058D24F04C00006AB838 /* Assets.xcassets in Resources */ = {isa = PBXBuildFile; fileRef = BB0B058C24F04C00006AB838 /* Assets.xcassets */; };
		BB0B059024F04C00006AB838 /* LaunchScreen.storyboard in Resources */ = {isa = PBXBuildFile; fileRef = BB0B058E24F04C00006AB838 /* LaunchScreen.storyboard */; };
		BB0B059E24F04C9F006AB838 /* AppDelegate.swift in Sources */ = {isa = PBXBuildFile; fileRef = BB0B059D24F04C9F006AB838 /* AppDelegate.swift */; };
		BB0B05A024F04C9F006AB838 /* SceneDelegate.swift in Sources */ = {isa = PBXBuildFile; fileRef = BB0B059F24F04C9F006AB838 /* SceneDelegate.swift */; };
		BB0B05A524F04C9F006AB838 /* Main.storyboard in Resources */ = {isa = PBXBuildFile; fileRef = BB0B05A324F04C9F006AB838 /* Main.storyboard */; };
		BB0B05AA24F04CA0006AB838 /* LaunchScreen.storyboard in Resources */ = {isa = PBXBuildFile; fileRef = BB0B05A824F04CA0006AB838 /* LaunchScreen.storyboard */; };
		BB0B05B124F04CCD006AB838 /* Constants.swift in Sources */ = {isa = PBXBuildFile; fileRef = BB0B05B024F04CCD006AB838 /* Constants.swift */; };
		BB0B05B224F04CCD006AB838 /* Constants.swift in Sources */ = {isa = PBXBuildFile; fileRef = BB0B05B024F04CCD006AB838 /* Constants.swift */; };
		BB9352A024F069DC00400913 /* LoginVC.swift in Sources */ = {isa = PBXBuildFile; fileRef = BB93529F24F069DC00400913 /* LoginVC.swift */; };
		BB9352A124F069DC00400913 /* LoginVC.swift in Sources */ = {isa = PBXBuildFile; fileRef = BB93529F24F069DC00400913 /* LoginVC.swift */; };
		BB9352A224F069EE00400913 /* Assets.xcassets in Resources */ = {isa = PBXBuildFile; fileRef = BB0B058C24F04C00006AB838 /* Assets.xcassets */; };
		BB9352A424F06A2500400913 /* LoginVC.storyboard in Resources */ = {isa = PBXBuildFile; fileRef = BB9352A324F06A2500400913 /* LoginVC.storyboard */; };
		BB9352A524F06A2500400913 /* LoginVC.storyboard in Resources */ = {isa = PBXBuildFile; fileRef = BB9352A324F06A2500400913 /* LoginVC.storyboard */; };
		BB9352A724F06A6F00400913 /* RegistrationVC.swift in Sources */ = {isa = PBXBuildFile; fileRef = BB9352A624F06A6F00400913 /* RegistrationVC.swift */; };
		BB9352A824F06A6F00400913 /* RegistrationVC.swift in Sources */ = {isa = PBXBuildFile; fileRef = BB9352A624F06A6F00400913 /* RegistrationVC.swift */; };
		BB9352AA24F06C5A00400913 /* HomeVC.swift in Sources */ = {isa = PBXBuildFile; fileRef = BB0B058724F04BFD006AB838 /* HomeVC.swift */; };
		BB9352AC24F1034100400913 /* GoogleService-Info.plist in Resources */ = {isa = PBXBuildFile; fileRef = BB9352AB24F1034100400913 /* GoogleService-Info.plist */; };
		BB9352AF24F1084200400913 /* GoogleService-Info.plist in Resources */ = {isa = PBXBuildFile; fileRef = BB9352AE24F1084200400913 /* GoogleService-Info.plist */; };
		BB9352B224F10C6900400913 /* UIViewControllerEXT.swift in Sources */ = {isa = PBXBuildFile; fileRef = BB9352B124F10C6900400913 /* UIViewControllerEXT.swift */; };
		BB9352B424F1403300400913 /* StringExt.swift in Sources */ = {isa = PBXBuildFile; fileRef = BB9352B324F1403300400913 /* StringExt.swift */; };
		BB9352B524F1403300400913 /* StringExt.swift in Sources */ = {isa = PBXBuildFile; fileRef = BB9352B324F1403300400913 /* StringExt.swift */; };
		BB9B879524F37DD1000EFB25 /* Category.swift in Sources */ = {isa = PBXBuildFile; fileRef = BB9B879424F37DD1000EFB25 /* Category.swift */; };
		BB9B879624F37DD1000EFB25 /* Category.swift in Sources */ = {isa = PBXBuildFile; fileRef = BB9B879424F37DD1000EFB25 /* Category.swift */; };
		BB9B879924F38C42000EFB25 /* AddCategoryVC.swift in Sources */ = {isa = PBXBuildFile; fileRef = BB9B879824F38C42000EFB25 /* AddCategoryVC.swift */; };
		BB9B879B24F38C66000EFB25 /* AdminProductVC.swift in Sources */ = {isa = PBXBuildFile; fileRef = BB9B879A24F38C66000EFB25 /* AdminProductVC.swift */; };
		BB9B879D24F38C86000EFB25 /* AddProductVC.swift in Sources */ = {isa = PBXBuildFile; fileRef = BB9B879C24F38C86000EFB25 /* AddProductVC.swift */; };
		BB9B87A024F38CC3000EFB25 /* ProductVC.swift in Sources */ = {isa = PBXBuildFile; fileRef = BB9B879F24F38CC3000EFB25 /* ProductVC.swift */; };
		BB9B87A124F38CC3000EFB25 /* ProductVC.swift in Sources */ = {isa = PBXBuildFile; fileRef = BB9B879F24F38CC3000EFB25 /* ProductVC.swift */; };
		BB9B87A424F38CE5000EFB25 /* ProductCell.swift in Sources */ = {isa = PBXBuildFile; fileRef = BB9B87A224F38CE5000EFB25 /* ProductCell.swift */; };
		BB9B87A524F38CE5000EFB25 /* ProductCell.swift in Sources */ = {isa = PBXBuildFile; fileRef = BB9B87A224F38CE5000EFB25 /* ProductCell.swift */; };
		BB9B87A624F38CE5000EFB25 /* ProductCell.xib in Resources */ = {isa = PBXBuildFile; fileRef = BB9B87A324F38CE5000EFB25 /* ProductCell.xib */; };
		BB9B87A724F38CE5000EFB25 /* ProductCell.xib in Resources */ = {isa = PBXBuildFile; fileRef = BB9B87A324F38CE5000EFB25 /* ProductCell.xib */; };
		BBB764AB24F28E7A00EBBD1B /* Users.swift in Sources */ = {isa = PBXBuildFile; fileRef = BBB764AA24F28E7A00EBBD1B /* Users.swift */; };
		BBB764AC24F28E7A00EBBD1B /* Users.swift in Sources */ = {isa = PBXBuildFile; fileRef = BBB764AA24F28E7A00EBBD1B /* Users.swift */; };
		BBB764B124F28EE400EBBD1B /* Products.swift in Sources */ = {isa = PBXBuildFile; fileRef = BBB764B024F28EE400EBBD1B /* Products.swift */; };
		BBB764B224F28EE400EBBD1B /* Products.swift in Sources */ = {isa = PBXBuildFile; fileRef = BBB764B024F28EE400EBBD1B /* Products.swift */; };
		BBB764B724F35EF600EBBD1B /* IDismissLoginScreenDelegate.swift in Sources */ = {isa = PBXBuildFile; fileRef = BBB764B624F35EF600EBBD1B /* IDismissLoginScreenDelegate.swift */; };
		BBB764B824F35EF600EBBD1B /* IDismissLoginScreenDelegate.swift in Sources */ = {isa = PBXBuildFile; fileRef = BBB764B624F35EF600EBBD1B /* IDismissLoginScreenDelegate.swift */; };
		BBB764C324F3695100EBBD1B /* ForgetPasswordVC.swift in Sources */ = {isa = PBXBuildFile; fileRef = BBB764C124F3695100EBBD1B /* ForgetPasswordVC.swift */; };
		BBB764C424F3695100EBBD1B /* ForgetPasswordVC.swift in Sources */ = {isa = PBXBuildFile; fileRef = BBB764C124F3695100EBBD1B /* ForgetPasswordVC.swift */; };
		BBB764C524F3695100EBBD1B /* ForgetPasswordVC.xib in Resources */ = {isa = PBXBuildFile; fileRef = BBB764C224F3695100EBBD1B /* ForgetPasswordVC.xib */; };
		BBB764C624F3695100EBBD1B /* ForgetPasswordVC.xib in Resources */ = {isa = PBXBuildFile; fileRef = BBB764C224F3695100EBBD1B /* ForgetPasswordVC.xib */; };
		BBB764CA24F3793D00EBBD1B /* HomeCell.swift in Sources */ = {isa = PBXBuildFile; fileRef = BBB764C824F3793D00EBBD1B /* HomeCell.swift */; };
		BBB764CB24F3793D00EBBD1B /* HomeCell.swift in Sources */ = {isa = PBXBuildFile; fileRef = BBB764C824F3793D00EBBD1B /* HomeCell.swift */; };
		BBB764CC24F3793D00EBBD1B /* HomeCell.xib in Resources */ = {isa = PBXBuildFile; fileRef = BBB764C924F3793D00EBBD1B /* HomeCell.xib */; };
		BBB764CD24F3793D00EBBD1B /* HomeCell.xib in Resources */ = {isa = PBXBuildFile; fileRef = BBB764C924F3793D00EBBD1B /* HomeCell.xib */; };
		BBD63AB624F4C2D3004AB598 /* AdminHomeVC.swift in Sources */ = {isa = PBXBuildFile; fileRef = BBD63AB524F4C2D3004AB598 /* AdminHomeVC.swift */; };
		BBD63AB924F4E414004AB598 /* ProductDetailsVC.swift in Sources */ = {isa = PBXBuildFile; fileRef = BBD63AB824F4E414004AB598 /* ProductDetailsVC.swift */; };
		BBD63ABB24F4FCC0004AB598 /* ProductDetailsVC.swift in Sources */ = {isa = PBXBuildFile; fileRef = BBD63AB824F4E414004AB598 /* ProductDetailsVC.swift */; };
/* End PBXBuildFile section */

/* Begin PBXFileReference section */
		0E6ADA6EF2B68E559A6268B1 /* Pods-TakeAwayAdmin.debug.xcconfig */ = {isa = PBXFileReference; includeInIndex = 1; lastKnownFileType = text.xcconfig; name = "Pods-TakeAwayAdmin.debug.xcconfig"; path = "Target Support Files/Pods-TakeAwayAdmin/Pods-TakeAwayAdmin.debug.xcconfig"; sourceTree = "<group>"; };
		4ADEB6C517117F4BC5510401 /* Pods-TakeAway.debug.xcconfig */ = {isa = PBXFileReference; includeInIndex = 1; lastKnownFileType = text.xcconfig; name = "Pods-TakeAway.debug.xcconfig"; path = "Target Support Files/Pods-TakeAway/Pods-TakeAway.debug.xcconfig"; sourceTree = "<group>"; };
		BB0B058024F04BFD006AB838 /* TakeAway.app */ = {isa = PBXFileReference; explicitFileType = wrapper.application; includeInIndex = 0; path = TakeAway.app; sourceTree = BUILT_PRODUCTS_DIR; };
		BB0B058324F04BFD006AB838 /* AppDelegate.swift */ = {isa = PBXFileReference; lastKnownFileType = sourcecode.swift; path = AppDelegate.swift; sourceTree = "<group>"; };
		BB0B058524F04BFD006AB838 /* SceneDelegate.swift */ = {isa = PBXFileReference; lastKnownFileType = sourcecode.swift; path = SceneDelegate.swift; sourceTree = "<group>"; };
		BB0B058724F04BFD006AB838 /* HomeVC.swift */ = {isa = PBXFileReference; lastKnownFileType = sourcecode.swift; path = HomeVC.swift; sourceTree = "<group>"; };
		BB0B058A24F04BFD006AB838 /* Base */ = {isa = PBXFileReference; lastKnownFileType = file.storyboard; name = Base; path = Base.lproj/Main.storyboard; sourceTree = "<group>"; };
		BB0B058C24F04C00006AB838 /* Assets.xcassets */ = {isa = PBXFileReference; lastKnownFileType = folder.assetcatalog; path = Assets.xcassets; sourceTree = "<group>"; };
		BB0B058F24F04C00006AB838 /* Base */ = {isa = PBXFileReference; lastKnownFileType = file.storyboard; name = Base; path = Base.lproj/LaunchScreen.storyboard; sourceTree = "<group>"; };
		BB0B059124F04C00006AB838 /* Info.plist */ = {isa = PBXFileReference; lastKnownFileType = text.plist.xml; path = Info.plist; sourceTree = "<group>"; };
		BB0B059B24F04C9F006AB838 /* TakeAwayAdmin.app */ = {isa = PBXFileReference; explicitFileType = wrapper.application; includeInIndex = 0; path = TakeAwayAdmin.app; sourceTree = BUILT_PRODUCTS_DIR; };
		BB0B059D24F04C9F006AB838 /* AppDelegate.swift */ = {isa = PBXFileReference; lastKnownFileType = sourcecode.swift; path = AppDelegate.swift; sourceTree = "<group>"; };
		BB0B059F24F04C9F006AB838 /* SceneDelegate.swift */ = {isa = PBXFileReference; lastKnownFileType = sourcecode.swift; path = SceneDelegate.swift; sourceTree = "<group>"; };
		BB0B05A424F04C9F006AB838 /* Base */ = {isa = PBXFileReference; lastKnownFileType = file.storyboard; name = Base; path = Base.lproj/Main.storyboard; sourceTree = "<group>"; };
		BB0B05A924F04CA0006AB838 /* Base */ = {isa = PBXFileReference; lastKnownFileType = file.storyboard; name = Base; path = Base.lproj/LaunchScreen.storyboard; sourceTree = "<group>"; };
		BB0B05AB24F04CA0006AB838 /* Info.plist */ = {isa = PBXFileReference; lastKnownFileType = text.plist.xml; path = Info.plist; sourceTree = "<group>"; };
		BB0B05B024F04CCD006AB838 /* Constants.swift */ = {isa = PBXFileReference; lastKnownFileType = sourcecode.swift; path = Constants.swift; sourceTree = "<group>"; };
		BB93529F24F069DC00400913 /* LoginVC.swift */ = {isa = PBXFileReference; lastKnownFileType = sourcecode.swift; path = LoginVC.swift; sourceTree = "<group>"; };
		BB9352A324F06A2500400913 /* LoginVC.storyboard */ = {isa = PBXFileReference; lastKnownFileType = file.storyboard; path = LoginVC.storyboard; sourceTree = "<group>"; };
		BB9352A624F06A6F00400913 /* RegistrationVC.swift */ = {isa = PBXFileReference; lastKnownFileType = sourcecode.swift; path = RegistrationVC.swift; sourceTree = "<group>"; };
		BB9352AB24F1034100400913 /* GoogleService-Info.plist */ = {isa = PBXFileReference; fileEncoding = 4; lastKnownFileType = text.plist.xml; path = "GoogleService-Info.plist"; sourceTree = "<group>"; };
		BB9352AE24F1084200400913 /* GoogleService-Info.plist */ = {isa = PBXFileReference; fileEncoding = 4; lastKnownFileType = text.plist.xml; path = "GoogleService-Info.plist"; sourceTree = "<group>"; };
		BB9352B124F10C6900400913 /* UIViewControllerEXT.swift */ = {isa = PBXFileReference; lastKnownFileType = sourcecode.swift; path = UIViewControllerEXT.swift; sourceTree = "<group>"; };
		BB9352B324F1403300400913 /* StringExt.swift */ = {isa = PBXFileReference; lastKnownFileType = sourcecode.swift; path = StringExt.swift; sourceTree = "<group>"; };
		BB9B879424F37DD1000EFB25 /* Category.swift */ = {isa = PBXFileReference; lastKnownFileType = sourcecode.swift; path = Category.swift; sourceTree = "<group>"; };
		BB9B879824F38C42000EFB25 /* AddCategoryVC.swift */ = {isa = PBXFileReference; lastKnownFileType = sourcecode.swift; path = AddCategoryVC.swift; sourceTree = "<group>"; };
		BB9B879A24F38C66000EFB25 /* AdminProductVC.swift */ = {isa = PBXFileReference; lastKnownFileType = sourcecode.swift; path = AdminProductVC.swift; sourceTree = "<group>"; };
		BB9B879C24F38C86000EFB25 /* AddProductVC.swift */ = {isa = PBXFileReference; lastKnownFileType = sourcecode.swift; path = AddProductVC.swift; sourceTree = "<group>"; };
		BB9B879F24F38CC3000EFB25 /* ProductVC.swift */ = {isa = PBXFileReference; lastKnownFileType = sourcecode.swift; path = ProductVC.swift; sourceTree = "<group>"; };
		BB9B87A224F38CE5000EFB25 /* ProductCell.swift */ = {isa = PBXFileReference; lastKnownFileType = sourcecode.swift; path = ProductCell.swift; sourceTree = "<group>"; };
		BB9B87A324F38CE5000EFB25 /* ProductCell.xib */ = {isa = PBXFileReference; lastKnownFileType = file.xib; path = ProductCell.xib; sourceTree = "<group>"; };
		BBB764AA24F28E7A00EBBD1B /* Users.swift */ = {isa = PBXFileReference; lastKnownFileType = sourcecode.swift; path = Users.swift; sourceTree = "<group>"; };
		BBB764B024F28EE400EBBD1B /* Products.swift */ = {isa = PBXFileReference; lastKnownFileType = sourcecode.swift; path = Products.swift; sourceTree = "<group>"; };
		BBB764B624F35EF600EBBD1B /* IDismissLoginScreenDelegate.swift */ = {isa = PBXFileReference; lastKnownFileType = sourcecode.swift; path = IDismissLoginScreenDelegate.swift; sourceTree = "<group>"; };
		BBB764C124F3695100EBBD1B /* ForgetPasswordVC.swift */ = {isa = PBXFileReference; lastKnownFileType = sourcecode.swift; path = ForgetPasswordVC.swift; sourceTree = "<group>"; };
		BBB764C224F3695100EBBD1B /* ForgetPasswordVC.xib */ = {isa = PBXFileReference; lastKnownFileType = file.xib; path = ForgetPasswordVC.xib; sourceTree = "<group>"; };
		BBB764C824F3793D00EBBD1B /* HomeCell.swift */ = {isa = PBXFileReference; lastKnownFileType = sourcecode.swift; path = HomeCell.swift; sourceTree = "<group>"; };
		BBB764C924F3793D00EBBD1B /* HomeCell.xib */ = {isa = PBXFileReference; lastKnownFileType = file.xib; path = HomeCell.xib; sourceTree = "<group>"; };
		BBD63AB524F4C2D3004AB598 /* AdminHomeVC.swift */ = {isa = PBXFileReference; lastKnownFileType = sourcecode.swift; path = AdminHomeVC.swift; sourceTree = "<group>"; };
		BBD63AB824F4E414004AB598 /* ProductDetailsVC.swift */ = {isa = PBXFileReference; lastKnownFileType = sourcecode.swift; path = ProductDetailsVC.swift; sourceTree = "<group>"; };
		E53B631C2A869CEF1CE911D9 /* Pods-TakeAway.release.xcconfig */ = {isa = PBXFileReference; includeInIndex = 1; lastKnownFileType = text.xcconfig; name = "Pods-TakeAway.release.xcconfig"; path = "Target Support Files/Pods-TakeAway/Pods-TakeAway.release.xcconfig"; sourceTree = "<group>"; };
		F4CCA488A5F5D195B5919D89 /* Pods_TakeAway.framework */ = {isa = PBXFileReference; explicitFileType = wrapper.framework; includeInIndex = 0; path = Pods_TakeAway.framework; sourceTree = BUILT_PRODUCTS_DIR; };
		F739F6B64053E16AFF368608 /* Pods_TakeAwayAdmin.framework */ = {isa = PBXFileReference; explicitFileType = wrapper.framework; includeInIndex = 0; path = Pods_TakeAwayAdmin.framework; sourceTree = BUILT_PRODUCTS_DIR; };
		FCE183C26F9100CF8AD01637 /* Pods-TakeAwayAdmin.release.xcconfig */ = {isa = PBXFileReference; includeInIndex = 1; lastKnownFileType = text.xcconfig; name = "Pods-TakeAwayAdmin.release.xcconfig"; path = "Target Support Files/Pods-TakeAwayAdmin/Pods-TakeAwayAdmin.release.xcconfig"; sourceTree = "<group>"; };
/* End PBXFileReference section */

/* Begin PBXFrameworksBuildPhase section */
		BB0B057D24F04BFD006AB838 /* Frameworks */ = {
			isa = PBXFrameworksBuildPhase;
			buildActionMask = 2147483647;
			files = (
				77B828BAC354EC284597CF99 /* Pods_TakeAway.framework in Frameworks */,
			);
			runOnlyForDeploymentPostprocessing = 0;
		};
		BB0B059824F04C9F006AB838 /* Frameworks */ = {
			isa = PBXFrameworksBuildPhase;
			buildActionMask = 2147483647;
			files = (
				0CC82A1EC4B961DB87678B75 /* Pods_TakeAwayAdmin.framework in Frameworks */,
			);
			runOnlyForDeploymentPostprocessing = 0;
		};
/* End PBXFrameworksBuildPhase section */

/* Begin PBXGroup section */
		5A117CDA9FA0E5078309DADA /* Frameworks */ = {
			isa = PBXGroup;
			children = (
				F4CCA488A5F5D195B5919D89 /* Pods_TakeAway.framework */,
				F739F6B64053E16AFF368608 /* Pods_TakeAwayAdmin.framework */,
			);
			name = Frameworks;
			sourceTree = "<group>";
		};
		BB0B057724F04BFD006AB838 = {
			isa = PBXGroup;
			children = (
				BB0B05AF24F04CAA006AB838 /* Shared */,
				BB0B058224F04BFD006AB838 /* TakeAway */,
				BB0B059C24F04C9F006AB838 /* TakeAwayAdmin */,
				BB0B058124F04BFD006AB838 /* Products */,
				F6E08039F75F7412EA0BF2A5 /* Pods */,
				5A117CDA9FA0E5078309DADA /* Frameworks */,
			);
			sourceTree = "<group>";
		};
		BB0B058124F04BFD006AB838 /* Products */ = {
			isa = PBXGroup;
			children = (
				BB0B058024F04BFD006AB838 /* TakeAway.app */,
				BB0B059B24F04C9F006AB838 /* TakeAwayAdmin.app */,
			);
			name = Products;
			sourceTree = "<group>";
		};
		BB0B058224F04BFD006AB838 /* TakeAway */ = {
			isa = PBXGroup;
			children = (
				BBB764C724F378D000EBBD1B /* HomeVC */,
				BB9B879E24F38CA0000EFB25 /* ProductVC */,
				BBD63AB724F4E3CD004AB598 /* ProductDetails */,
				BB0B058324F04BFD006AB838 /* AppDelegate.swift */,
				BB0B058524F04BFD006AB838 /* SceneDelegate.swift */,
				BB0B058924F04BFD006AB838 /* Main.storyboard */,
				BB0B058E24F04C00006AB838 /* LaunchScreen.storyboard */,
				BB9352AB24F1034100400913 /* GoogleService-Info.plist */,
				BB0B059124F04C00006AB838 /* Info.plist */,
			);
			path = TakeAway;
			sourceTree = "<group>";
		};
		BB0B059C24F04C9F006AB838 /* TakeAwayAdmin */ = {
			isa = PBXGroup;
			children = (
				BB9B879724F38C05000EFB25 /* Views */,
				BB0B059D24F04C9F006AB838 /* AppDelegate.swift */,
				BB0B059F24F04C9F006AB838 /* SceneDelegate.swift */,
				BB0B05A324F04C9F006AB838 /* Main.storyboard */,
				BB0B05A824F04CA0006AB838 /* LaunchScreen.storyboard */,
				BB9352AE24F1084200400913 /* GoogleService-Info.plist */,
				BB0B05AB24F04CA0006AB838 /* Info.plist */,
			);
			path = TakeAwayAdmin;
			sourceTree = "<group>";
		};
		BB0B05AF24F04CAA006AB838 /* Shared */ = {
			isa = PBXGroup;
			children = (
				BBB764A324F28DF700EBBD1B /* Model */,
				BB9352B024F10C3200400913 /* Extentions */,
				BB0B058C24F04C00006AB838 /* Assets.xcassets */,
				BB0B05B024F04CCD006AB838 /* Constants.swift */,
				BB93529D24F0698400400913 /* Models */,
				BB93529C24F0696700400913 /* ViewControllers */,
			);
			path = Shared;
			sourceTree = "<group>";
		};
		BB93529C24F0696700400913 /* ViewControllers */ = {
			isa = PBXGroup;
			children = (
				BBB764BA24F368D900EBBD1B /* ForgetPasswordVC */,
				BB9352A924F06A7400400913 /* RegistrationVC */,
				BB93529E24F0699F00400913 /* Login */,
			);
			path = ViewControllers;
			sourceTree = "<group>";
		};
		BB93529D24F0698400400913 /* Models */ = {
			isa = PBXGroup;
			children = (
			);
			path = Models;
			sourceTree = "<group>";
		};
		BB93529E24F0699F00400913 /* Login */ = {
			isa = PBXGroup;
			children = (
				BB93529F24F069DC00400913 /* LoginVC.swift */,
				BB9352A324F06A2500400913 /* LoginVC.storyboard */,
				BBB764B624F35EF600EBBD1B /* IDismissLoginScreenDelegate.swift */,
			);
			path = Login;
			sourceTree = "<group>";
		};
		BB9352A924F06A7400400913 /* RegistrationVC */ = {
			isa = PBXGroup;
			children = (
				BB9352A624F06A6F00400913 /* RegistrationVC.swift */,
			);
			path = RegistrationVC;
			sourceTree = "<group>";
		};
		BB9352B024F10C3200400913 /* Extentions */ = {
			isa = PBXGroup;
			children = (
				BB9352B124F10C6900400913 /* UIViewControllerEXT.swift */,
				BB9352B324F1403300400913 /* StringExt.swift */,
			);
			path = Extentions;
			sourceTree = "<group>";
		};
		BB9B879724F38C05000EFB25 /* Views */ = {
			isa = PBXGroup;
			children = (
				BBD63AB524F4C2D3004AB598 /* AdminHomeVC.swift */,
				BB9B879824F38C42000EFB25 /* AddCategoryVC.swift */,
				BB9B879A24F38C66000EFB25 /* AdminProductVC.swift */,
				BB9B879C24F38C86000EFB25 /* AddProductVC.swift */,
			);
			path = Views;
			sourceTree = "<group>";
		};
		BB9B879E24F38CA0000EFB25 /* ProductVC */ = {
			isa = PBXGroup;
			children = (
				BB9B879F24F38CC3000EFB25 /* ProductVC.swift */,
				BB9B87A224F38CE5000EFB25 /* ProductCell.swift */,
				BB9B87A324F38CE5000EFB25 /* ProductCell.xib */,
			);
			path = ProductVC;
			sourceTree = "<group>";
		};
		BBB764A324F28DF700EBBD1B /* Model */ = {
			isa = PBXGroup;
			children = (
				BBB764AA24F28E7A00EBBD1B /* Users.swift */,
				BBB764B024F28EE400EBBD1B /* Products.swift */,
				BB9B879424F37DD1000EFB25 /* Category.swift */,
			);
			path = Model;
			sourceTree = "<group>";
		};
		BBB764BA24F368D900EBBD1B /* ForgetPasswordVC */ = {
			isa = PBXGroup;
			children = (
				BBB764C124F3695100EBBD1B /* ForgetPasswordVC.swift */,
				BBB764C224F3695100EBBD1B /* ForgetPasswordVC.xib */,
			);
			path = ForgetPasswordVC;
			sourceTree = "<group>";
		};
		BBB764C724F378D000EBBD1B /* HomeVC */ = {
			isa = PBXGroup;
			children = (
				BB0B058724F04BFD006AB838 /* HomeVC.swift */,
				BBB764C824F3793D00EBBD1B /* HomeCell.swift */,
				BBB764C924F3793D00EBBD1B /* HomeCell.xib */,
			);
			path = HomeVC;
			sourceTree = "<group>";
		};
		BBD63AB724F4E3CD004AB598 /* ProductDetails */ = {
			isa = PBXGroup;
			children = (
				BBD63AB824F4E414004AB598 /* ProductDetailsVC.swift */,
			);
			path = ProductDetails;
			sourceTree = "<group>";
		};
		F6E08039F75F7412EA0BF2A5 /* Pods */ = {
			isa = PBXGroup;
			children = (
				4ADEB6C517117F4BC5510401 /* Pods-TakeAway.debug.xcconfig */,
				E53B631C2A869CEF1CE911D9 /* Pods-TakeAway.release.xcconfig */,
				0E6ADA6EF2B68E559A6268B1 /* Pods-TakeAwayAdmin.debug.xcconfig */,
				FCE183C26F9100CF8AD01637 /* Pods-TakeAwayAdmin.release.xcconfig */,
			);
			path = Pods;
			sourceTree = "<group>";
		};
/* End PBXGroup section */

/* Begin PBXNativeTarget section */
		BB0B057F24F04BFD006AB838 /* TakeAway */ = {
			isa = PBXNativeTarget;
			buildConfigurationList = BB0B059424F04C00006AB838 /* Build configuration list for PBXNativeTarget "TakeAway" */;
			buildPhases = (
				310D8CC74F0D411855257227 /* [CP] Check Pods Manifest.lock */,
				BB0B057C24F04BFD006AB838 /* Sources */,
				BB0B057D24F04BFD006AB838 /* Frameworks */,
				BB0B057E24F04BFD006AB838 /* Resources */,
				E50555A647A40A1B44B1B1B7 /* [CP] Embed Pods Frameworks */,
			);
			buildRules = (
			);
			dependencies = (
			);
			name = TakeAway;
			productName = TakeAway;
			productReference = BB0B058024F04BFD006AB838 /* TakeAway.app */;
			productType = "com.apple.product-type.application";
		};
		BB0B059A24F04C9F006AB838 /* TakeAwayAdmin */ = {
			isa = PBXNativeTarget;
			buildConfigurationList = BB0B05AC24F04CA0006AB838 /* Build configuration list for PBXNativeTarget "TakeAwayAdmin" */;
			buildPhases = (
				12071CD45219BFAD2B126129 /* [CP] Check Pods Manifest.lock */,
				BB0B059724F04C9F006AB838 /* Sources */,
				BB0B059824F04C9F006AB838 /* Frameworks */,
				BB0B059924F04C9F006AB838 /* Resources */,
				4ABD3DF691B5172FE58FCCAF /* [CP] Embed Pods Frameworks */,
			);
			buildRules = (
			);
			dependencies = (
			);
			name = TakeAwayAdmin;
			productName = TakeAwayAdmin;
			productReference = BB0B059B24F04C9F006AB838 /* TakeAwayAdmin.app */;
			productType = "com.apple.product-type.application";
		};
/* End PBXNativeTarget section */

/* Begin PBXProject section */
		BB0B057824F04BFD006AB838 /* Project object */ = {
			isa = PBXProject;
			attributes = {
				LastSwiftUpdateCheck = 1120;
				LastUpgradeCheck = 1120;
				ORGANIZATIONNAME = "Mahmoud Abdul-Wahab";
				TargetAttributes = {
					BB0B057F24F04BFD006AB838 = {
						CreatedOnToolsVersion = 11.2;
					};
					BB0B059A24F04C9F006AB838 = {
						CreatedOnToolsVersion = 11.2;
					};
				};
			};
			buildConfigurationList = BB0B057B24F04BFD006AB838 /* Build configuration list for PBXProject "TakeAway" */;
			compatibilityVersion = "Xcode 9.3";
			developmentRegion = en;
			hasScannedForEncodings = 0;
			knownRegions = (
				en,
				Base,
			);
			mainGroup = BB0B057724F04BFD006AB838;
			productRefGroup = BB0B058124F04BFD006AB838 /* Products */;
			projectDirPath = "";
			projectRoot = "";
			targets = (
				BB0B057F24F04BFD006AB838 /* TakeAway */,
				BB0B059A24F04C9F006AB838 /* TakeAwayAdmin */,
			);
		};
/* End PBXProject section */

/* Begin PBXResourcesBuildPhase section */
		BB0B057E24F04BFD006AB838 /* Resources */ = {
			isa = PBXResourcesBuildPhase;
			buildActionMask = 2147483647;
			files = (
				BBB764CC24F3793D00EBBD1B /* HomeCell.xib in Resources */,
				BB9B87A624F38CE5000EFB25 /* ProductCell.xib in Resources */,
				BB0B059024F04C00006AB838 /* LaunchScreen.storyboard in Resources */,
				BB0B058D24F04C00006AB838 /* Assets.xcassets in Resources */,
				BB9352AC24F1034100400913 /* GoogleService-Info.plist in Resources */,
				BB0B058B24F04BFD006AB838 /* Main.storyboard in Resources */,
				BBB764C524F3695100EBBD1B /* ForgetPasswordVC.xib in Resources */,
				BB9352A424F06A2500400913 /* LoginVC.storyboard in Resources */,
			);
			runOnlyForDeploymentPostprocessing = 0;
		};
		BB0B059924F04C9F006AB838 /* Resources */ = {
			isa = PBXResourcesBuildPhase;
			buildActionMask = 2147483647;
			files = (
				BBB764CD24F3793D00EBBD1B /* HomeCell.xib in Resources */,
				BB9B87A724F38CE5000EFB25 /* ProductCell.xib in Resources */,
				BB0B05AA24F04CA0006AB838 /* LaunchScreen.storyboard in Resources */,
				BB9352A224F069EE00400913 /* Assets.xcassets in Resources */,
				BB9352AF24F1084200400913 /* GoogleService-Info.plist in Resources */,
				BB0B05A524F04C9F006AB838 /* Main.storyboard in Resources */,
				BBB764C624F3695100EBBD1B /* ForgetPasswordVC.xib in Resources */,
				BB9352A524F06A2500400913 /* LoginVC.storyboard in Resources */,
			);
			runOnlyForDeploymentPostprocessing = 0;
		};
/* End PBXResourcesBuildPhase section */

/* Begin PBXShellScriptBuildPhase section */
		12071CD45219BFAD2B126129 /* [CP] Check Pods Manifest.lock */ = {
			isa = PBXShellScriptBuildPhase;
			buildActionMask = 2147483647;
			files = (
			);
			inputFileListPaths = (
			);
			inputPaths = (
				"${PODS_PODFILE_DIR_PATH}/Podfile.lock",
				"${PODS_ROOT}/Manifest.lock",
			);
			name = "[CP] Check Pods Manifest.lock";
			outputFileListPaths = (
			);
			outputPaths = (
				"$(DERIVED_FILE_DIR)/Pods-TakeAwayAdmin-checkManifestLockResult.txt",
			);
			runOnlyForDeploymentPostprocessing = 0;
			shellPath = /bin/sh;
			shellScript = "diff \"${PODS_PODFILE_DIR_PATH}/Podfile.lock\" \"${PODS_ROOT}/Manifest.lock\" > /dev/null\nif [ $? != 0 ] ; then\n    # print error to STDERR\n    echo \"error: The sandbox is not in sync with the Podfile.lock. Run 'pod install' or update your CocoaPods installation.\" >&2\n    exit 1\nfi\n# This output is used by Xcode 'outputs' to avoid re-running this script phase.\necho \"SUCCESS\" > \"${SCRIPT_OUTPUT_FILE_0}\"\n";
			showEnvVarsInLog = 0;
		};
		310D8CC74F0D411855257227 /* [CP] Check Pods Manifest.lock */ = {
			isa = PBXShellScriptBuildPhase;
			buildActionMask = 2147483647;
			files = (
			);
			inputFileListPaths = (
			);
			inputPaths = (
				"${PODS_PODFILE_DIR_PATH}/Podfile.lock",
				"${PODS_ROOT}/Manifest.lock",
			);
			name = "[CP] Check Pods Manifest.lock";
			outputFileListPaths = (
			);
			outputPaths = (
				"$(DERIVED_FILE_DIR)/Pods-TakeAway-checkManifestLockResult.txt",
			);
			runOnlyForDeploymentPostprocessing = 0;
			shellPath = /bin/sh;
			shellScript = "diff \"${PODS_PODFILE_DIR_PATH}/Podfile.lock\" \"${PODS_ROOT}/Manifest.lock\" > /dev/null\nif [ $? != 0 ] ; then\n    # print error to STDERR\n    echo \"error: The sandbox is not in sync with the Podfile.lock. Run 'pod install' or update your CocoaPods installation.\" >&2\n    exit 1\nfi\n# This output is used by Xcode 'outputs' to avoid re-running this script phase.\necho \"SUCCESS\" > \"${SCRIPT_OUTPUT_FILE_0}\"\n";
			showEnvVarsInLog = 0;
		};
		4ABD3DF691B5172FE58FCCAF /* [CP] Embed Pods Frameworks */ = {
			isa = PBXShellScriptBuildPhase;
			buildActionMask = 2147483647;
			files = (
			);
			inputFileListPaths = (
				"${PODS_ROOT}/Target Support Files/Pods-TakeAwayAdmin/Pods-TakeAwayAdmin-frameworks-${CONFIGURATION}-input-files.xcfilelist",
			);
			name = "[CP] Embed Pods Frameworks";
			outputFileListPaths = (
				"${PODS_ROOT}/Target Support Files/Pods-TakeAwayAdmin/Pods-TakeAwayAdmin-frameworks-${CONFIGURATION}-output-files.xcfilelist",
			);
			runOnlyForDeploymentPostprocessing = 0;
			shellPath = /bin/sh;
			shellScript = "\"${PODS_ROOT}/Target Support Files/Pods-TakeAwayAdmin/Pods-TakeAwayAdmin-frameworks.sh\"\n";
			showEnvVarsInLog = 0;
		};
		E50555A647A40A1B44B1B1B7 /* [CP] Embed Pods Frameworks */ = {
			isa = PBXShellScriptBuildPhase;
			buildActionMask = 2147483647;
			files = (
			);
			inputFileListPaths = (
				"${PODS_ROOT}/Target Support Files/Pods-TakeAway/Pods-TakeAway-frameworks-${CONFIGURATION}-input-files.xcfilelist",
			);
			name = "[CP] Embed Pods Frameworks";
			outputFileListPaths = (
				"${PODS_ROOT}/Target Support Files/Pods-TakeAway/Pods-TakeAway-frameworks-${CONFIGURATION}-output-files.xcfilelist",
			);
			runOnlyForDeploymentPostprocessing = 0;
			shellPath = /bin/sh;
			shellScript = "\"${PODS_ROOT}/Target Support Files/Pods-TakeAway/Pods-TakeAway-frameworks.sh\"\n";
			showEnvVarsInLog = 0;
		};
/* End PBXShellScriptBuildPhase section */

/* Begin PBXSourcesBuildPhase section */
		BB0B057C24F04BFD006AB838 /* Sources */ = {
			isa = PBXSourcesBuildPhase;
			buildActionMask = 2147483647;
			files = (
				BBB764AB24F28E7A00EBBD1B /* Users.swift in Sources */,
				BBD63AB924F4E414004AB598 /* ProductDetailsVC.swift in Sources */,
				BBB764B724F35EF600EBBD1B /* IDismissLoginScreenDelegate.swift in Sources */,
				BB0B058824F04BFD006AB838 /* HomeVC.swift in Sources */,
				BB9352A724F06A6F00400913 /* RegistrationVC.swift in Sources */,
				BBB764C324F3695100EBBD1B /* ForgetPasswordVC.swift in Sources */,
				BB0B058424F04BFD006AB838 /* AppDelegate.swift in Sources */,
				BBB764CA24F3793D00EBBD1B /* HomeCell.swift in Sources */,
				BB9352B424F1403300400913 /* StringExt.swift in Sources */,
				BB9B87A024F38CC3000EFB25 /* ProductVC.swift in Sources */,
				BB0B058624F04BFD006AB838 /* SceneDelegate.swift in Sources */,
				BB9B879524F37DD1000EFB25 /* Category.swift in Sources */,
				BBB764B124F28EE400EBBD1B /* Products.swift in Sources */,
				BB9B87A424F38CE5000EFB25 /* ProductCell.swift in Sources */,
				BB0B05B124F04CCD006AB838 /* Constants.swift in Sources */,
				BB9352A024F069DC00400913 /* LoginVC.swift in Sources */,
			);
			runOnlyForDeploymentPostprocessing = 0;
		};
		BB0B059724F04C9F006AB838 /* Sources */ = {
			isa = PBXSourcesBuildPhase;
			buildActionMask = 2147483647;
			files = (
				BB9352AA24F06C5A00400913 /* HomeVC.swift in Sources */,
				BBB764AC24F28E7A00EBBD1B /* Users.swift in Sources */,
				BB9352B224F10C6900400913 /* UIViewControllerEXT.swift in Sources */,
				BBD63AB624F4C2D3004AB598 /* AdminHomeVC.swift in Sources */,
				BBB764CB24F3793D00EBBD1B /* HomeCell.swift in Sources */,
				BB9352A824F06A6F00400913 /* RegistrationVC.swift in Sources */,
				BB9B87A124F38CC3000EFB25 /* ProductVC.swift in Sources */,
				BB9352B524F1403300400913 /* StringExt.swift in Sources */,
				BBB764B824F35EF600EBBD1B /* IDismissLoginScreenDelegate.swift in Sources */,
				BB9B879D24F38C86000EFB25 /* AddProductVC.swift in Sources */,
				BB9B879B24F38C66000EFB25 /* AdminProductVC.swift in Sources */,
				BB0B059E24F04C9F006AB838 /* AppDelegate.swift in Sources */,
				BB0B05A024F04C9F006AB838 /* SceneDelegate.swift in Sources */,
				BBB764B224F28EE400EBBD1B /* Products.swift in Sources */,
				BB9B879624F37DD1000EFB25 /* Category.swift in Sources */,
				BB0B05B224F04CCD006AB838 /* Constants.swift in Sources */,
				BBB764C424F3695100EBBD1B /* ForgetPasswordVC.swift in Sources */,
				BB9B87A524F38CE5000EFB25 /* ProductCell.swift in Sources */,
				BB9B879924F38C42000EFB25 /* AddCategoryVC.swift in Sources */,
				BB9352A124F069DC00400913 /* LoginVC.swift in Sources */,
				BBD63ABB24F4FCC0004AB598 /* ProductDetailsVC.swift in Sources */,
			);
			runOnlyForDeploymentPostprocessing = 0;
		};
/* End PBXSourcesBuildPhase section */

/* Begin PBXVariantGroup section */
		BB0B058924F04BFD006AB838 /* Main.storyboard */ = {
			isa = PBXVariantGroup;
			children = (
				BB0B058A24F04BFD006AB838 /* Base */,
			);
			name = Main.storyboard;
			sourceTree = "<group>";
		};
		BB0B058E24F04C00006AB838 /* LaunchScreen.storyboard */ = {
			isa = PBXVariantGroup;
			children = (
				BB0B058F24F04C00006AB838 /* Base */,
			);
			name = LaunchScreen.storyboard;
			sourceTree = "<group>";
		};
		BB0B05A324F04C9F006AB838 /* Main.storyboard */ = {
			isa = PBXVariantGroup;
			children = (
				BB0B05A424F04C9F006AB838 /* Base */,
			);
			name = Main.storyboard;
			sourceTree = "<group>";
		};
		BB0B05A824F04CA0006AB838 /* LaunchScreen.storyboard */ = {
			isa = PBXVariantGroup;
			children = (
				BB0B05A924F04CA0006AB838 /* Base */,
			);
			name = LaunchScreen.storyboard;
			sourceTree = "<group>";
		};
/* End PBXVariantGroup section */

/* Begin XCBuildConfiguration section */
		BB0B059224F04C00006AB838 /* Debug */ = {
			isa = XCBuildConfiguration;
			buildSettings = {
				ALWAYS_SEARCH_USER_PATHS = NO;
				CLANG_ANALYZER_NONNULL = YES;
				CLANG_ANALYZER_NUMBER_OBJECT_CONVERSION = YES_AGGRESSIVE;
				CLANG_CXX_LANGUAGE_STANDARD = "gnu++14";
				CLANG_CXX_LIBRARY = "libc++";
				CLANG_ENABLE_MODULES = YES;
				CLANG_ENABLE_OBJC_ARC = YES;
				CLANG_ENABLE_OBJC_WEAK = YES;
				CLANG_WARN_BLOCK_CAPTURE_AUTORELEASING = YES;
				CLANG_WARN_BOOL_CONVERSION = YES;
				CLANG_WARN_COMMA = YES;
				CLANG_WARN_CONSTANT_CONVERSION = YES;
				CLANG_WARN_DEPRECATED_OBJC_IMPLEMENTATIONS = YES;
				CLANG_WARN_DIRECT_OBJC_ISA_USAGE = YES_ERROR;
				CLANG_WARN_DOCUMENTATION_COMMENTS = YES;
				CLANG_WARN_EMPTY_BODY = YES;
				CLANG_WARN_ENUM_CONVERSION = YES;
				CLANG_WARN_INFINITE_RECURSION = YES;
				CLANG_WARN_INT_CONVERSION = YES;
				CLANG_WARN_NON_LITERAL_NULL_CONVERSION = YES;
				CLANG_WARN_OBJC_IMPLICIT_RETAIN_SELF = YES;
				CLANG_WARN_OBJC_LITERAL_CONVERSION = YES;
				CLANG_WARN_OBJC_ROOT_CLASS = YES_ERROR;
				CLANG_WARN_RANGE_LOOP_ANALYSIS = YES;
				CLANG_WARN_STRICT_PROTOTYPES = YES;
				CLANG_WARN_SUSPICIOUS_MOVE = YES;
				CLANG_WARN_UNGUARDED_AVAILABILITY = YES_AGGRESSIVE;
				CLANG_WARN_UNREACHABLE_CODE = YES;
				CLANG_WARN__DUPLICATE_METHOD_MATCH = YES;
				COPY_PHASE_STRIP = NO;
				DEBUG_INFORMATION_FORMAT = dwarf;
				ENABLE_STRICT_OBJC_MSGSEND = YES;
				ENABLE_TESTABILITY = YES;
				GCC_C_LANGUAGE_STANDARD = gnu11;
				GCC_DYNAMIC_NO_PIC = NO;
				GCC_NO_COMMON_BLOCKS = YES;
				GCC_OPTIMIZATION_LEVEL = 0;
				GCC_PREPROCESSOR_DEFINITIONS = (
					"DEBUG=1",
					"$(inherited)",
				);
				GCC_WARN_64_TO_32_BIT_CONVERSION = YES;
				GCC_WARN_ABOUT_RETURN_TYPE = YES_ERROR;
				GCC_WARN_UNDECLARED_SELECTOR = YES;
				GCC_WARN_UNINITIALIZED_AUTOS = YES_AGGRESSIVE;
				GCC_WARN_UNUSED_FUNCTION = YES;
				GCC_WARN_UNUSED_VARIABLE = YES;
				IPHONEOS_DEPLOYMENT_TARGET = 13.2;
				MTL_ENABLE_DEBUG_INFO = INCLUDE_SOURCE;
				MTL_FAST_MATH = YES;
				ONLY_ACTIVE_ARCH = YES;
				SDKROOT = iphoneos;
				SWIFT_ACTIVE_COMPILATION_CONDITIONS = DEBUG;
				SWIFT_OPTIMIZATION_LEVEL = "-Onone";
			};
			name = Debug;
		};
		BB0B059324F04C00006AB838 /* Release */ = {
			isa = XCBuildConfiguration;
			buildSettings = {
				ALWAYS_SEARCH_USER_PATHS = NO;
				CLANG_ANALYZER_NONNULL = YES;
				CLANG_ANALYZER_NUMBER_OBJECT_CONVERSION = YES_AGGRESSIVE;
				CLANG_CXX_LANGUAGE_STANDARD = "gnu++14";
				CLANG_CXX_LIBRARY = "libc++";
				CLANG_ENABLE_MODULES = YES;
				CLANG_ENABLE_OBJC_ARC = YES;
				CLANG_ENABLE_OBJC_WEAK = YES;
				CLANG_WARN_BLOCK_CAPTURE_AUTORELEASING = YES;
				CLANG_WARN_BOOL_CONVERSION = YES;
				CLANG_WARN_COMMA = YES;
				CLANG_WARN_CONSTANT_CONVERSION = YES;
				CLANG_WARN_DEPRECATED_OBJC_IMPLEMENTATIONS = YES;
				CLANG_WARN_DIRECT_OBJC_ISA_USAGE = YES_ERROR;
				CLANG_WARN_DOCUMENTATION_COMMENTS = YES;
				CLANG_WARN_EMPTY_BODY = YES;
				CLANG_WARN_ENUM_CONVERSION = YES;
				CLANG_WARN_INFINITE_RECURSION = YES;
				CLANG_WARN_INT_CONVERSION = YES;
				CLANG_WARN_NON_LITERAL_NULL_CONVERSION = YES;
				CLANG_WARN_OBJC_IMPLICIT_RETAIN_SELF = YES;
				CLANG_WARN_OBJC_LITERAL_CONVERSION = YES;
				CLANG_WARN_OBJC_ROOT_CLASS = YES_ERROR;
				CLANG_WARN_RANGE_LOOP_ANALYSIS = YES;
				CLANG_WARN_STRICT_PROTOTYPES = YES;
				CLANG_WARN_SUSPICIOUS_MOVE = YES;
				CLANG_WARN_UNGUARDED_AVAILABILITY = YES_AGGRESSIVE;
				CLANG_WARN_UNREACHABLE_CODE = YES;
				CLANG_WARN__DUPLICATE_METHOD_MATCH = YES;
				COPY_PHASE_STRIP = NO;
				DEBUG_INFORMATION_FORMAT = "dwarf-with-dsym";
				ENABLE_NS_ASSERTIONS = NO;
				ENABLE_STRICT_OBJC_MSGSEND = YES;
				GCC_C_LANGUAGE_STANDARD = gnu11;
				GCC_NO_COMMON_BLOCKS = YES;
				GCC_WARN_64_TO_32_BIT_CONVERSION = YES;
				GCC_WARN_ABOUT_RETURN_TYPE = YES_ERROR;
				GCC_WARN_UNDECLARED_SELECTOR = YES;
				GCC_WARN_UNINITIALIZED_AUTOS = YES_AGGRESSIVE;
				GCC_WARN_UNUSED_FUNCTION = YES;
				GCC_WARN_UNUSED_VARIABLE = YES;
				IPHONEOS_DEPLOYMENT_TARGET = 13.2;
				MTL_ENABLE_DEBUG_INFO = NO;
				MTL_FAST_MATH = YES;
				SDKROOT = iphoneos;
				SWIFT_COMPILATION_MODE = wholemodule;
				SWIFT_OPTIMIZATION_LEVEL = "-O";
				VALIDATE_PRODUCT = YES;
			};
			name = Release;
		};
		BB0B059524F04C00006AB838 /* Debug */ = {
			isa = XCBuildConfiguration;
			baseConfigurationReference = 4ADEB6C517117F4BC5510401 /* Pods-TakeAway.debug.xcconfig */;
			buildSettings = {
				ASSETCATALOG_COMPILER_APPICON_NAME = AppIcon;
				CODE_SIGN_STYLE = Automatic;
				INFOPLIST_FILE = TakeAway/Info.plist;
				IPHONEOS_DEPLOYMENT_TARGET = 13.0;
				LD_RUNPATH_SEARCH_PATHS = (
					"$(inherited)",
					"@executable_path/Frameworks",
				);
				PRODUCT_BUNDLE_IDENTIFIER = "Mahmoud.Abdul-Wahab.TakeAway.TakeAway";
				PRODUCT_NAME = "$(TARGET_NAME)";
				SWIFT_VERSION = 5.0;
				TARGETED_DEVICE_FAMILY = "1,2";
			};
			name = Debug;
		};
		BB0B059624F04C00006AB838 /* Release */ = {
			isa = XCBuildConfiguration;
			baseConfigurationReference = E53B631C2A869CEF1CE911D9 /* Pods-TakeAway.release.xcconfig */;
			buildSettings = {
				ASSETCATALOG_COMPILER_APPICON_NAME = AppIcon;
				CODE_SIGN_STYLE = Automatic;
				INFOPLIST_FILE = TakeAway/Info.plist;
				IPHONEOS_DEPLOYMENT_TARGET = 13.0;
				LD_RUNPATH_SEARCH_PATHS = (
					"$(inherited)",
					"@executable_path/Frameworks",
				);
				PRODUCT_BUNDLE_IDENTIFIER = "Mahmoud.Abdul-Wahab.TakeAway.TakeAway";
				PRODUCT_NAME = "$(TARGET_NAME)";
				SWIFT_VERSION = 5.0;
				TARGETED_DEVICE_FAMILY = "1,2";
			};
			name = Release;
		};
		BB0B05AD24F04CA0006AB838 /* Debug */ = {
			isa = XCBuildConfiguration;
			baseConfigurationReference = 0E6ADA6EF2B68E559A6268B1 /* Pods-TakeAwayAdmin.debug.xcconfig */;
			buildSettings = {
				ASSETCATALOG_COMPILER_APPICON_NAME = AppIcon;
				CODE_SIGN_STYLE = Automatic;
				INFOPLIST_FILE = TakeAwayAdmin/Info.plist;
				LD_RUNPATH_SEARCH_PATHS = (
					"$(inherited)",
					"@executable_path/Frameworks",
				);
				PRODUCT_BUNDLE_IDENTIFIER = "Mahmoud.Abdul-Wahab.TakeAwayAdmin.TakeAwayAdmin";
				PRODUCT_NAME = "$(TARGET_NAME)";
				SWIFT_VERSION = 5.0;
				TARGETED_DEVICE_FAMILY = "1,2";
			};
			name = Debug;
		};
		BB0B05AE24F04CA0006AB838 /* Release */ = {
			isa = XCBuildConfiguration;
			baseConfigurationReference = FCE183C26F9100CF8AD01637 /* Pods-TakeAwayAdmin.release.xcconfig */;
			buildSettings = {
				ASSETCATALOG_COMPILER_APPICON_NAME = AppIcon;
				CODE_SIGN_STYLE = Automatic;
				INFOPLIST_FILE = TakeAwayAdmin/Info.plist;
				LD_RUNPATH_SEARCH_PATHS = (
					"$(inherited)",
					"@executable_path/Frameworks",
				);
				PRODUCT_BUNDLE_IDENTIFIER = "Mahmoud.Abdul-Wahab.TakeAwayAdmin.TakeAwayAdmin";
				PRODUCT_NAME = "$(TARGET_NAME)";
				SWIFT_VERSION = 5.0;
				TARGETED_DEVICE_FAMILY = "1,2";
			};
			name = Release;
		};
/* End XCBuildConfiguration section */

/* Begin XCConfigurationList section */
		BB0B057B24F04BFD006AB838 /* Build configuration list for PBXProject "TakeAway" */ = {
			isa = XCConfigurationList;
			buildConfigurations = (
				BB0B059224F04C00006AB838 /* Debug */,
				BB0B059324F04C00006AB838 /* Release */,
			);
			defaultConfigurationIsVisible = 0;
			defaultConfigurationName = Release;
		};
		BB0B059424F04C00006AB838 /* Build configuration list for PBXNativeTarget "TakeAway" */ = {
			isa = XCConfigurationList;
			buildConfigurations = (
				BB0B059524F04C00006AB838 /* Debug */,
				BB0B059624F04C00006AB838 /* Release */,
			);
			defaultConfigurationIsVisible = 0;
			defaultConfigurationName = Release;
		};
		BB0B05AC24F04CA0006AB838 /* Build configuration list for PBXNativeTarget "TakeAwayAdmin" */ = {
			isa = XCConfigurationList;
			buildConfigurations = (
				BB0B05AD24F04CA0006AB838 /* Debug */,
				BB0B05AE24F04CA0006AB838 /* Release */,
			);
			defaultConfigurationIsVisible = 0;
			defaultConfigurationName = Release;
		};
/* End XCConfigurationList section */
	};
	rootObject = BB0B057824F04BFD006AB838 /* Project object */;
}
